
Microsoft Visual Studio Solution File, Format Version 12.00
# Visual Studio Version 17
VisualStudioVersion = 17.7.34221.43
MinimumVisualStudioVersion = 10.0.40219.1
Project("{FAE04EC0-301F-11D3-BF4B-00C04F79EFBC}") = "EcommerceWeb", "EcommerceWeb\EcommerceWeb.csproj", "{9941D2F6-905D-46F4-BAA2-EE2CD193130F}"
EndProject
Project("{FAE04EC0-301F-11D3-BF4B-00C04F79EFBC}") = "Ecommerce.DataAccess", "Ecommerce.DataAccess\Ecommerce.DataAccess.csproj", "{5C17ED40-479A-430A-8CB7-A5EC23624ECA}"
EndProject
Project("{FAE04EC0-301F-11D3-BF4B-00C04F79EFBC}") = "Ecommerce.Models", "Ecommerce.Models\Ecommerce.Models.csproj", "{56A79B51-50D0-4E8C-962C-67979B1F41F9}"
EndProject
Global
	GlobalSection(SolutionConfigurationPlatforms) = preSolution
		Debug|Any CPU = Debug|Any CPU
		Release|Any CPU = Release|Any CPU
	EndGlobalSection
	GlobalSection(ProjectConfigurationPlatforms) = postSolution
		{9941D2F6-905D-46F4-BAA2-EE2CD193130F}.Debug|Any CPU.ActiveCfg = Debug|Any CPU
		{9941D2F6-905D-46F4-BAA2-EE2CD193130F}.Debug|Any CPU.Build.0 = Debug|Any CPU
		{9941D2F6-905D-46F4-BAA2-EE2CD193130F}.Release|Any CPU.ActiveCfg = Release|Any CPU
		{9941D2F6-905D-46F4-BAA2-EE2CD193130F}.Release|Any CPU.Build.0 = Release|Any CPU
		{5C17ED40-479A-430A-8CB7-A5EC23624ECA}.Debug|Any CPU.ActiveCfg = Debug|Any CPU
		{5C17ED40-479A-430A-8CB7-A5EC23624ECA}.Debug|Any CPU.Build.0 = Debug|Any CPU
		{5C17ED40-479A-430A-8CB7-A5EC23624ECA}.Release|Any CPU.ActiveCfg = Release|Any CPU
		{5C17ED40-479A-430A-8CB7-A5EC23624ECA}.Release|Any CPU.Build.0 = Release|Any CPU
		{56A79B51-50D0-4E8C-962C-67979B1F41F9}.Debug|Any CPU.ActiveCfg = Debug|Any CPU
		{56A79B51-50D0-4E8C-962C-67979B1F41F9}.Debug|Any CPU.Build.0 = Debug|Any CPU
		{56A79B51-50D0-4E8C-962C-67979B1F41F9}.Release|Any CPU.ActiveCfg = Release|Any CPU
		{56A79B51-50D0-4E8C-962C-67979B1F41F9}.Release|Any CPU.Build.0 = Release|Any CPU
	EndGlobalSection
	GlobalSection(SolutionProperties) = preSolution
		HideSolutionNode = FALSE
	EndGlobalSection
	GlobalSection(ExtensibilityGlobals) = postSolution
		SolutionGuid = {C2B137F4-5CAB-4CE7-8969-52D198DBE94C}
	EndGlobalSection
EndGlobal
